
Microsoft Visual Studio Solution File, Format Version 12.00
# Visual Studio Version 16
VisualStudioVersion = 16.0.29613.14
MinimumVisualStudioVersion = 10.0.40219.1
Project("{FAE04EC0-301F-11D3-BF4B-00C04F79EFBC}") = "Com.ACSCorp.Accelerator.DMA.Scheduler", "Com.ACSCorp.Accelerator.DMA.Scheduler\Com.ACSCorp.Accelerator.DMA.Scheduler.csproj", "{B2585B66-A5AF-4510-BD52-2F0324D5F53A}"
EndProject
Project("{FAE04EC0-301F-11D3-BF4B-00C04F79EFBC}") = "Com.ACSCorp.Accelerator.DMA.SchedulerWorkerService", "Com.ACSCorp.Accelerator.DMA.SchedulerWorkerService\Com.ACSCorp.Accelerator.DMA.SchedulerWorkerService.csproj", "{CDE4ECA7-9364-4720-AD04-56C2173A3EA6}"
EndProject
Global
	GlobalSection(SolutionConfigurationPlatforms) = preSolution
		Debug|Any CPU = Debug|Any CPU
		Release|Any CPU = Release|Any CPU
	EndGlobalSection
	GlobalSection(ProjectConfigurationPlatforms) = postSolution
		{B2585B66-A5AF-4510-BD52-2F0324D5F53A}.Debug|Any CPU.ActiveCfg = Debug|Any CPU
		{B2585B66-A5AF-4510-BD52-2F0324D5F53A}.Debug|Any CPU.Build.0 = Debug|Any CPU
		{B2585B66-A5AF-4510-BD52-2F0324D5F53A}.Release|Any CPU.ActiveCfg = Release|Any CPU
		{B2585B66-A5AF-4510-BD52-2F0324D5F53A}.Release|Any CPU.Build.0 = Release|Any CPU
		{CDE4ECA7-9364-4720-AD04-56C2173A3EA6}.Debug|Any CPU.ActiveCfg = Debug|Any CPU
		{CDE4ECA7-9364-4720-AD04-56C2173A3EA6}.Debug|Any CPU.Build.0 = Debug|Any CPU
		{CDE4ECA7-9364-4720-AD04-56C2173A3EA6}.Release|Any CPU.ActiveCfg = Release|Any CPU
		{CDE4ECA7-9364-4720-AD04-56C2173A3EA6}.Release|Any CPU.Build.0 = Release|Any CPU
	EndGlobalSection
	GlobalSection(SolutionProperties) = preSolution
		HideSolutionNode = FALSE
	EndGlobalSection
	GlobalSection(ExtensibilityGlobals) = postSolution
		SolutionGuid = {47395645-1957-4989-B5EA-F1499B3F34F4}
	EndGlobalSection
EndGlobal
